
Microsoft Visual Studio Solution File, Format Version 12.00
# Visual Studio 15
VisualStudioVersion = 15.0.28307.168
MinimumVisualStudioVersion = 10.0.40219.1
Project("{9A19103F-16F7-4668-BE54-9A1E7A4F7556}") = "Operations", "Operations\Operations.csproj", "{7AF52378-3AC2-4D14-857E-90503168938A}"
EndProject
Project("{FAE04EC0-301F-11D3-BF4B-00C04F79EFBC}") = "Animals", "Animals\Animals.csproj", "{6DB27520-CE40-4791-8540-1621EED7E930}"
EndProject
Project("{FAE04EC0-301F-11D3-BF4B-00C04F79EFBC}") = "Shapes", "Shapes\Shapes.csproj", "{8C08346F-CDC2-445F-93B3-DB14C1B01CAE}"
EndProject
Project("{FAE04EC0-301F-11D3-BF4B-00C04F79EFBC}") = "Vehicles", "Vehicles\Vehicles.csproj", "{56E123E4-CD5D-45FB-A62C-3E15601A7115}"
EndProject
Global
	GlobalSection(SolutionConfigurationPlatforms) = preSolution
		Debug|Any CPU = Debug|Any CPU
		Release|Any CPU = Release|Any CPU
	EndGlobalSection
	GlobalSection(ProjectConfigurationPlatforms) = postSolution
		{7AF52378-3AC2-4D14-857E-90503168938A}.Debug|Any CPU.ActiveCfg = Debug|Any CPU
		{7AF52378-3AC2-4D14-857E-90503168938A}.Debug|Any CPU.Build.0 = Debug|Any CPU
		{7AF52378-3AC2-4D14-857E-90503168938A}.Release|Any CPU.ActiveCfg = Release|Any CPU
		{7AF52378-3AC2-4D14-857E-90503168938A}.Release|Any CPU.Build.0 = Release|Any CPU
		{6DB27520-CE40-4791-8540-1621EED7E930}.Debug|Any CPU.ActiveCfg = Debug|Any CPU
		{6DB27520-CE40-4791-8540-1621EED7E930}.Debug|Any CPU.Build.0 = Debug|Any CPU
		{6DB27520-CE40-4791-8540-1621EED7E930}.Release|Any CPU.ActiveCfg = Release|Any CPU
		{6DB27520-CE40-4791-8540-1621EED7E930}.Release|Any CPU.Build.0 = Release|Any CPU
		{8C08346F-CDC2-445F-93B3-DB14C1B01CAE}.Debug|Any CPU.ActiveCfg = Debug|Any CPU
		{8C08346F-CDC2-445F-93B3-DB14C1B01CAE}.Debug|Any CPU.Build.0 = Debug|Any CPU
		{8C08346F-CDC2-445F-93B3-DB14C1B01CAE}.Release|Any CPU.ActiveCfg = Release|Any CPU
		{8C08346F-CDC2-445F-93B3-DB14C1B01CAE}.Release|Any CPU.Build.0 = Release|Any CPU
		{56E123E4-CD5D-45FB-A62C-3E15601A7115}.Debug|Any CPU.ActiveCfg = Debug|Any CPU
		{56E123E4-CD5D-45FB-A62C-3E15601A7115}.Debug|Any CPU.Build.0 = Debug|Any CPU
		{56E123E4-CD5D-45FB-A62C-3E15601A7115}.Release|Any CPU.ActiveCfg = Release|Any CPU
		{56E123E4-CD5D-45FB-A62C-3E15601A7115}.Release|Any CPU.Build.0 = Release|Any CPU
	EndGlobalSection
	GlobalSection(SolutionProperties) = preSolution
		HideSolutionNode = FALSE
	EndGlobalSection
	GlobalSection(ExtensibilityGlobals) = postSolution
		SolutionGuid = {B5281621-122E-4E7D-8275-40F41E6D5EE7}
	EndGlobalSection
EndGlobal
