
Microsoft Visual Studio Solution File, Format Version 12.00
# Visual Studio 15
VisualStudioVersion = 15.0.28307.168
MinimumVisualStudioVersion = 10.0.40219.1
Project("{FAE04EC0-301F-11D3-BF4B-00C04F79EFBC}") = "Person", "Person\Person.csproj", "{3E464399-9B77-4DA1-8BC8-0FEA3A869EE6}"
EndProject
Project("{FAE04EC0-301F-11D3-BF4B-00C04F79EFBC}") = "BookShop", "BookShop\BookShop.csproj", "{D817D33B-FF5C-4079-AEB7-C45914FB1B96}"
EndProject
Global
	GlobalSection(SolutionConfigurationPlatforms) = preSolution
		Debug|Any CPU = Debug|Any CPU
		Release|Any CPU = Release|Any CPU
	EndGlobalSection
	GlobalSection(ProjectConfigurationPlatforms) = postSolution
		{3E464399-9B77-4DA1-8BC8-0FEA3A869EE6}.Debug|Any CPU.ActiveCfg = Debug|Any CPU
		{3E464399-9B77-4DA1-8BC8-0FEA3A869EE6}.Debug|Any CPU.Build.0 = Debug|Any CPU
		{3E464399-9B77-4DA1-8BC8-0FEA3A869EE6}.Release|Any CPU.ActiveCfg = Release|Any CPU
		{3E464399-9B77-4DA1-8BC8-0FEA3A869EE6}.Release|Any CPU.Build.0 = Release|Any CPU
		{D817D33B-FF5C-4079-AEB7-C45914FB1B96}.Debug|Any CPU.ActiveCfg = Debug|Any CPU
		{D817D33B-FF5C-4079-AEB7-C45914FB1B96}.Debug|Any CPU.Build.0 = Debug|Any CPU
		{D817D33B-FF5C-4079-AEB7-C45914FB1B96}.Release|Any CPU.ActiveCfg = Release|Any CPU
		{D817D33B-FF5C-4079-AEB7-C45914FB1B96}.Release|Any CPU.Build.0 = Release|Any CPU
	EndGlobalSection
	GlobalSection(SolutionProperties) = preSolution
		HideSolutionNode = FALSE
	EndGlobalSection
	GlobalSection(ExtensibilityGlobals) = postSolution
		SolutionGuid = {225E1DF6-EFDA-4994-B604-CAA535337B9E}
	EndGlobalSection
EndGlobal
